# THIS IS AN AUTOGENERATED FILE. DO NOT EDIT THIS FILE DIRECTLY.
# yarn lockfile v1


chrono-node@^2.6.5:
  version "2.6.5"
  resolved "https://registry.npmjs.org/chrono-node/-/chrono-node-2.6.5.tgz"
  integrity sha512-1B4iFd8xJ235PAprvRbs7zaEvmepOrN7dQ5UWjsXoDnlRP1vriGUwmcYw+KeQGKtz+YkgMo7bglf/q/l2VhoxQ==
  dependencies:
    dayjs "^1.10.0"

dayjs@^1.10.0:
  version "1.11.9"
  resolved "https://registry.npmjs.org/dayjs/-/dayjs-1.11.9.tgz"
  integrity sha512-QvzAURSbQ0pKdIye2txOzNaHmxtUBXerpY0FJsFXUMKbIZeFm5ht1LS/jFsrncjnmtv8HsG0W2g6c0zUjZWmpA==

moment-timezone@^0.5.43:
  version "0.5.43"
  resolved "https://registry.npmjs.org/moment-timezone/-/moment-timezone-0.5.43.tgz"
  integrity sha512-72j3aNyuIsDxdF1i7CEgV2FfxM1r6aaqJyLB2vwb33mXYyoyLly+F1zbWqhA3/bVIoJ4szlUoMbUnVdid32NUQ==
  dependencies:
    moment "^2.29.4"

moment@^2.29.4:
  version "2.29.4"
  resolved "https://registry.npmjs.org/moment/-/moment-2.29.4.tgz"
  integrity sha512-5LC9SOxjSc2HF6vO2CyuTDNivEdoz2IvyJJGj6X8DJ0eFyfszE0QiEd+iXmBvUP3WHxSjFH/vIsA0EN00cgr8w==
